
Microsoft Visual Studio Solution File, Format Version 12.00
# Visual Studio Version 17
VisualStudioVersion = 17.11.35312.102
MinimumVisualStudioVersion = 10.0.40219.1
Project("{FAE04EC0-301F-11D3-BF4B-00C04F79EFBC}") = "Client", "lab3-bai4\Client.csproj", "{508837F3-F82A-4596-8715-3E891824C927}"
EndProject
Project("{FAE04EC0-301F-11D3-BF4B-00C04F79EFBC}") = "Server", "Server\Server.csproj", "{12F8B1FE-49A8-4789-AD62-2760649A3495}"
EndProject
Global
	GlobalSection(SolutionConfigurationPlatforms) = preSolution
		Debug|Any CPU = Debug|Any CPU
		Release|Any CPU = Release|Any CPU
	EndGlobalSection
	GlobalSection(ProjectConfigurationPlatforms) = postSolution
		{508837F3-F82A-4596-8715-3E891824C927}.Debug|Any CPU.ActiveCfg = Debug|Any CPU
		{508837F3-F82A-4596-8715-3E891824C927}.Debug|Any CPU.Build.0 = Debug|Any CPU
		{508837F3-F82A-4596-8715-3E891824C927}.Release|Any CPU.ActiveCfg = Release|Any CPU
		{508837F3-F82A-4596-8715-3E891824C927}.Release|Any CPU.Build.0 = Release|Any CPU
		{12F8B1FE-49A8-4789-AD62-2760649A3495}.Debug|Any CPU.ActiveCfg = Debug|Any CPU
		{12F8B1FE-49A8-4789-AD62-2760649A3495}.Debug|Any CPU.Build.0 = Debug|Any CPU
		{12F8B1FE-49A8-4789-AD62-2760649A3495}.Release|Any CPU.ActiveCfg = Release|Any CPU
		{12F8B1FE-49A8-4789-AD62-2760649A3495}.Release|Any CPU.Build.0 = Release|Any CPU
	EndGlobalSection
	GlobalSection(SolutionProperties) = preSolution
		HideSolutionNode = FALSE
	EndGlobalSection
	GlobalSection(ExtensibilityGlobals) = postSolution
		SolutionGuid = {176D5445-8903-4629-9579-AE8088BE424C}
	EndGlobalSection
EndGlobal
